
Microsoft Visual Studio Solution File, Format Version 12.00
# Visual Studio Version 16
VisualStudioVersion = 16.0.33328.57
MinimumVisualStudioVersion = 10.0.40219.1
Project("{2150E333-8FDC-42A3-9474-1A3956D46DE8}") = "Core", "Core", "{ABA49758-A58D-4AB2-B57F-C0601B66A4C3}"
EndProject
Project("{2150E333-8FDC-42A3-9474-1A3956D46DE8}") = "Infrastructure", "Infrastructure", "{01F0BC97-7B2A-4BA5-9AF6-FD5781EB958C}"
EndProject
Project("{2150E333-8FDC-42A3-9474-1A3956D46DE8}") = "Presentation", "Presentation", "{58DC79E6-D573-45D5-AB21-817E42B483F0}"
EndProject
Project("{FAE04EC0-301F-11D3-BF4B-00C04F79EFBC}") = "KHENSYS.HRMANAGER.DOMAIN", "src\KHENSYS.HRMANAGER.DOMAIN\KHENSYS.HRMANAGER.DOMAIN.csproj", "{109D48BB-58C6-4E29-B514-20C5326A2B65}"
EndProject
Project("{FAE04EC0-301F-11D3-BF4B-00C04F79EFBC}") = "KHENSYS.HRMANAGER.PERSISTENCE", "src\KHENSYS.HRMANAGER.PERSISTENCE\KHENSYS.HRMANAGER.PERSISTENCE.csproj", "{248C394E-AA3E-4507-96BF-968F29AC1C74}"
EndProject
Project("{FAE04EC0-301F-11D3-BF4B-00C04F79EFBC}") = "KHENSYS.HRMANAGER.API", "src\KHENSYS.HRMANAGER.API\KHENSYS.HRMANAGER.API.csproj", "{B51893EE-71F1-405E-90A9-1043D6C78760}"
EndProject
Project("{2150E333-8FDC-42A3-9474-1A3956D46DE8}") = "Tests", "Tests", "{EB0D0665-7E7E-43DE-BED7-B09EEADF05B4}"
EndProject
Project("{FAE04EC0-301F-11D3-BF4B-00C04F79EFBC}") = "KHENSYS.HRMANAGER.TESTS", "tests\KHENSYS.HRMANAGER.TESTS\KHENSYS.HRMANAGER.TESTS.csproj", "{5F7C5812-ADA3-45CD-AFB8-2CB153D597D4}"
EndProject
Project("{FAE04EC0-301F-11D3-BF4B-00C04F79EFBC}") = "KHENSYS.HRMANAGER.APPLICATION", "src\KHENSYS.HRMANAGER.APPLICATION\KHENSYS.HRMANAGER.APPLICATION.csproj", "{09E0F481-62EC-4F61-B5D3-95F32F24DF79}"
EndProject
Global
	GlobalSection(SolutionConfigurationPlatforms) = preSolution
		Debug|Any CPU = Debug|Any CPU
		Release|Any CPU = Release|Any CPU
	EndGlobalSection
	GlobalSection(ProjectConfigurationPlatforms) = postSolution
		{109D48BB-58C6-4E29-B514-20C5326A2B65}.Debug|Any CPU.ActiveCfg = Debug|Any CPU
		{109D48BB-58C6-4E29-B514-20C5326A2B65}.Debug|Any CPU.Build.0 = Debug|Any CPU
		{109D48BB-58C6-4E29-B514-20C5326A2B65}.Release|Any CPU.ActiveCfg = Release|Any CPU
		{109D48BB-58C6-4E29-B514-20C5326A2B65}.Release|Any CPU.Build.0 = Release|Any CPU
		{248C394E-AA3E-4507-96BF-968F29AC1C74}.Debug|Any CPU.ActiveCfg = Debug|Any CPU
		{248C394E-AA3E-4507-96BF-968F29AC1C74}.Debug|Any CPU.Build.0 = Debug|Any CPU
		{248C394E-AA3E-4507-96BF-968F29AC1C74}.Release|Any CPU.ActiveCfg = Release|Any CPU
		{248C394E-AA3E-4507-96BF-968F29AC1C74}.Release|Any CPU.Build.0 = Release|Any CPU
		{B51893EE-71F1-405E-90A9-1043D6C78760}.Debug|Any CPU.ActiveCfg = Debug|Any CPU
		{B51893EE-71F1-405E-90A9-1043D6C78760}.Debug|Any CPU.Build.0 = Debug|Any CPU
		{B51893EE-71F1-405E-90A9-1043D6C78760}.Release|Any CPU.ActiveCfg = Release|Any CPU
		{B51893EE-71F1-405E-90A9-1043D6C78760}.Release|Any CPU.Build.0 = Release|Any CPU
		{5F7C5812-ADA3-45CD-AFB8-2CB153D597D4}.Debug|Any CPU.ActiveCfg = Debug|Any CPU
		{5F7C5812-ADA3-45CD-AFB8-2CB153D597D4}.Debug|Any CPU.Build.0 = Debug|Any CPU
		{5F7C5812-ADA3-45CD-AFB8-2CB153D597D4}.Release|Any CPU.ActiveCfg = Release|Any CPU
		{5F7C5812-ADA3-45CD-AFB8-2CB153D597D4}.Release|Any CPU.Build.0 = Release|Any CPU
		{09E0F481-62EC-4F61-B5D3-95F32F24DF79}.Debug|Any CPU.ActiveCfg = Debug|Any CPU
		{09E0F481-62EC-4F61-B5D3-95F32F24DF79}.Debug|Any CPU.Build.0 = Debug|Any CPU
		{09E0F481-62EC-4F61-B5D3-95F32F24DF79}.Release|Any CPU.ActiveCfg = Release|Any CPU
		{09E0F481-62EC-4F61-B5D3-95F32F24DF79}.Release|Any CPU.Build.0 = Release|Any CPU
	EndGlobalSection
	GlobalSection(SolutionProperties) = preSolution
		HideSolutionNode = FALSE
	EndGlobalSection
	GlobalSection(NestedProjects) = preSolution
		{109D48BB-58C6-4E29-B514-20C5326A2B65} = {ABA49758-A58D-4AB2-B57F-C0601B66A4C3}
		{248C394E-AA3E-4507-96BF-968F29AC1C74} = {01F0BC97-7B2A-4BA5-9AF6-FD5781EB958C}
		{B51893EE-71F1-405E-90A9-1043D6C78760} = {58DC79E6-D573-45D5-AB21-817E42B483F0}
		{5F7C5812-ADA3-45CD-AFB8-2CB153D597D4} = {EB0D0665-7E7E-43DE-BED7-B09EEADF05B4}
		{09E0F481-62EC-4F61-B5D3-95F32F24DF79} = {ABA49758-A58D-4AB2-B57F-C0601B66A4C3}
	EndGlobalSection
	GlobalSection(ExtensibilityGlobals) = postSolution
		SolutionGuid = {CF1A3B54-14B6-4A83-AEC3-DB0889B0D9D8}
	EndGlobalSection
EndGlobal
